
Microsoft Visual Studio Solution File, Format Version 12.00
# Visual Studio Version 17
VisualStudioVersion = 17.1.32328.378
MinimumVisualStudioVersion = 10.0.40219.1
Project("{FAE04EC0-301F-11D3-BF4B-00C04F79EFBC}") = "ProjetinhoEscola", "ProjetinhoEscola.csproj", "{2D3C8452-0176-4932-80A5-6B7402E1F83D}"
EndProject
Global
	GlobalSection(SolutionConfigurationPlatforms) = preSolution
		Debug|Any CPU = Debug|Any CPU
		Release|Any CPU = Release|Any CPU
	EndGlobalSection
	GlobalSection(ProjectConfigurationPlatforms) = postSolution
		{2D3C8452-0176-4932-80A5-6B7402E1F83D}.Debug|Any CPU.ActiveCfg = Debug|Any CPU
		{2D3C8452-0176-4932-80A5-6B7402E1F83D}.Debug|Any CPU.Build.0 = Debug|Any CPU
		{2D3C8452-0176-4932-80A5-6B7402E1F83D}.Release|Any CPU.ActiveCfg = Release|Any CPU
		{2D3C8452-0176-4932-80A5-6B7402E1F83D}.Release|Any CPU.Build.0 = Release|Any CPU
	EndGlobalSection
	GlobalSection(SolutionProperties) = preSolution
		HideSolutionNode = FALSE
	EndGlobalSection
	GlobalSection(ExtensibilityGlobals) = postSolution
		SolutionGuid = {FB745DAD-A9A8-4E66-B994-1F03D7E1CE4B}
	EndGlobalSection
EndGlobal
