
Microsoft Visual Studio Solution File, Format Version 12.00
# Visual Studio Version 17
VisualStudioVersion = 17.0.31919.166
MinimumVisualStudioVersion = 10.0.40219.1
Project("{FAE04EC0-301F-11D3-BF4B-00C04F79EFBC}") = "ProjetoEscola", "ProjetoEscola.csproj", "{50C88FD6-21A3-4E08-BB0D-8974E8390EEC}"
EndProject
Global
	GlobalSection(SolutionConfigurationPlatforms) = preSolution
		Debug|Any CPU = Debug|Any CPU
		Release|Any CPU = Release|Any CPU
	EndGlobalSection
	GlobalSection(ProjectConfigurationPlatforms) = postSolution
		{50C88FD6-21A3-4E08-BB0D-8974E8390EEC}.Debug|Any CPU.ActiveCfg = Debug|Any CPU
		{50C88FD6-21A3-4E08-BB0D-8974E8390EEC}.Debug|Any CPU.Build.0 = Debug|Any CPU
		{50C88FD6-21A3-4E08-BB0D-8974E8390EEC}.Release|Any CPU.ActiveCfg = Release|Any CPU
		{50C88FD6-21A3-4E08-BB0D-8974E8390EEC}.Release|Any CPU.Build.0 = Release|Any CPU
	EndGlobalSection
	GlobalSection(SolutionProperties) = preSolution
		HideSolutionNode = FALSE
	EndGlobalSection
	GlobalSection(ExtensibilityGlobals) = postSolution
		SolutionGuid = {B01550BF-8A43-4D5A-A3A0-79BDB3BA1FA4}
	EndGlobalSection
EndGlobal
